
Microsoft Visual Studio Solution File, Format Version 12.00
# Visual Studio Version 17
VisualStudioVersion = 17.11.35431.28
MinimumVisualStudioVersion = 10.0.40219.1
Project("{9A19103F-16F7-4668-BE54-9A1E7A4F7556}") = "MockServer", "WebApplication1\MockServer.csproj", "{FD8D5727-1665-4978-BFD2-A83A2E718C23}"
EndProject
Project("{FAE04EC0-301F-11D3-BF4B-00C04F79EFBC}") = "MockServer2", "MockServer2\MockServer2.csproj", "{24325CCC-380D-455C-B843-F08DBAF36FA9}"
EndProject
Project("{FAE04EC0-301F-11D3-BF4B-00C04F79EFBC}") = "MockServer3", "MockServer3\MockServer3.csproj", "{731F9F21-0646-4B7D-AE7F-D72A2B25C5C4}"
EndProject
Global
	GlobalSection(SolutionConfigurationPlatforms) = preSolution
		Debug|Any CPU = Debug|Any CPU
		Release|Any CPU = Release|Any CPU
	EndGlobalSection
	GlobalSection(ProjectConfigurationPlatforms) = postSolution
		{FD8D5727-1665-4978-BFD2-A83A2E718C23}.Debug|Any CPU.ActiveCfg = Debug|Any CPU
		{FD8D5727-1665-4978-BFD2-A83A2E718C23}.Debug|Any CPU.Build.0 = Debug|Any CPU
		{FD8D5727-1665-4978-BFD2-A83A2E718C23}.Release|Any CPU.ActiveCfg = Release|Any CPU
		{FD8D5727-1665-4978-BFD2-A83A2E718C23}.Release|Any CPU.Build.0 = Release|Any CPU
		{24325CCC-380D-455C-B843-F08DBAF36FA9}.Debug|Any CPU.ActiveCfg = Debug|Any CPU
		{24325CCC-380D-455C-B843-F08DBAF36FA9}.Debug|Any CPU.Build.0 = Debug|Any CPU
		{24325CCC-380D-455C-B843-F08DBAF36FA9}.Release|Any CPU.ActiveCfg = Release|Any CPU
		{24325CCC-380D-455C-B843-F08DBAF36FA9}.Release|Any CPU.Build.0 = Release|Any CPU
		{731F9F21-0646-4B7D-AE7F-D72A2B25C5C4}.Debug|Any CPU.ActiveCfg = Debug|Any CPU
		{731F9F21-0646-4B7D-AE7F-D72A2B25C5C4}.Debug|Any CPU.Build.0 = Debug|Any CPU
		{731F9F21-0646-4B7D-AE7F-D72A2B25C5C4}.Release|Any CPU.ActiveCfg = Release|Any CPU
		{731F9F21-0646-4B7D-AE7F-D72A2B25C5C4}.Release|Any CPU.Build.0 = Release|Any CPU
	EndGlobalSection
	GlobalSection(SolutionProperties) = preSolution
		HideSolutionNode = FALSE
	EndGlobalSection
	GlobalSection(ExtensibilityGlobals) = postSolution
		SolutionGuid = {F7C5870A-BFB5-4EF6-9725-3928072596FB}
	EndGlobalSection
EndGlobal
